
Microsoft Visual Studio Solution File, Format Version 12.00
# Visual Studio Version 17
VisualStudioVersion = 17.0.32014.148
MinimumVisualStudioVersion = 10.0.40219.1
Project("{FAE04EC0-301F-11D3-BF4B-00C04F79EFBC}") = "SjfAlgorithm", "SjfAlgorithm\SjfAlgorithm.csproj", "{ED23A0C1-3555-449C-939A-2CC627120165}"
EndProject
Global
	GlobalSection(SolutionConfigurationPlatforms) = preSolution
		Debug|Any CPU = Debug|Any CPU
		Release|Any CPU = Release|Any CPU
	EndGlobalSection
	GlobalSection(ProjectConfigurationPlatforms) = postSolution
		{ED23A0C1-3555-449C-939A-2CC627120165}.Debug|Any CPU.ActiveCfg = Debug|Any CPU
		{ED23A0C1-3555-449C-939A-2CC627120165}.Debug|Any CPU.Build.0 = Debug|Any CPU
		{ED23A0C1-3555-449C-939A-2CC627120165}.Release|Any CPU.ActiveCfg = Release|Any CPU
		{ED23A0C1-3555-449C-939A-2CC627120165}.Release|Any CPU.Build.0 = Release|Any CPU
	EndGlobalSection
	GlobalSection(SolutionProperties) = preSolution
		HideSolutionNode = FALSE
	EndGlobalSection
	GlobalSection(ExtensibilityGlobals) = postSolution
		SolutionGuid = {4CEEEA26-65BD-4EEA-B87D-C63E6D0E0238}
	EndGlobalSection
EndGlobal
